// !$*UTF8*$!
{
	archiveVersion = 1;
	classes = {
	};
	objectVersion = 46;
	objects = {

/* Begin PBXBuildFile section */
		8477F8DE1EA06D840083C791 /* main.m in Sources */ = {isa = PBXBuildFile; fileRef = 8477F8DD1EA06D840083C791 /* main.m */; };
		8477F8E11EA06D840083C791 /* AppDelegate.m in Sources */ = {isa = PBXBuildFile; fileRef = 8477F8E01EA06D840083C791 /* AppDelegate.m */; };
		8477F8E41EA06D840083C791 /* ViewController.m in Sources */ = {isa = PBXBuildFile; fileRef = 8477F8E31EA06D840083C791 /* ViewController.m */; };
		8477F8E71EA06D840083C791 /* Main.storyboard in Resources */ = {isa = PBXBuildFile; fileRef = 8477F8E51EA06D840083C791 /* Main.storyboard */; };
		8477F8EA1EA06D840083C791 /* tableviewdemo.xcdatamodeld in Sources */ = {isa = PBXBuildFile; fileRef = 8477F8E81EA06D840083C791 /* tableviewdemo.xcdatamodeld */; };
		8477F8EC1EA06D840083C791 /* Assets.xcassets in Resources */ = {isa = PBXBuildFile; fileRef = 8477F8EB1EA06D840083C791 /* Assets.xcassets */; };
		8477F8EF1EA06D840083C791 /* LaunchScreen.storyboard in Resources */ = {isa = PBXBuildFile; fileRef = 8477F8ED1EA06D840083C791 /* LaunchScreen.storyboard */; };
		8477F90B1EA0AC7F0083C791 /* 1.jpg in Resources */ = {isa = PBXBuildFile; fileRef = 8477F9071EA0AC7F0083C791 /* 1.jpg */; };
		8477F90C1EA0AC7F0083C791 /* 2.jpg in Resources */ = {isa = PBXBuildFile; fileRef = 8477F9081EA0AC7F0083C791 /* 2.jpg */; };
		8477F90D1EA0AC7F0083C791 /* 3.jpg in Resources */ = {isa = PBXBuildFile; fileRef = 8477F9091EA0AC7F0083C791 /* 3.jpg */; };
		8477F90E1EA0AC7F0083C791 /* 4.jpg in Resources */ = {isa = PBXBuildFile; fileRef = 8477F90A1EA0AC7F0083C791 /* 4.jpg */; };
/* End PBXBuildFile section */

/* Begin PBXFileReference section */
		8477F8D91EA06D840083C791 /* tableviewdemo.app */ = {isa = PBXFileReference; explicitFileType = wrapper.application; includeInIndex = 0; path = tableviewdemo.app; sourceTree = BUILT_PRODUCTS_DIR; };
		8477F8DD1EA06D840083C791 /* main.m */ = {isa = PBXFileReference; lastKnownFileType = sourcecode.c.objc; path = main.m; sourceTree = "<group>"; };
		8477F8DF1EA06D840083C791 /* AppDelegate.h */ = {isa = PBXFileReference; lastKnownFileType = sourcecode.c.h; path = AppDelegate.h; sourceTree = "<group>"; };
		8477F8E01EA06D840083C791 /* AppDelegate.m */ = {isa = PBXFileReference; lastKnownFileType = sourcecode.c.objc; path = AppDelegate.m; sourceTree = "<group>"; };
		8477F8E21EA06D840083C791 /* ViewController.h */ = {isa = PBXFileReference; lastKnownFileType = sourcecode.c.h; path = ViewController.h; sourceTree = "<group>"; };
		8477F8E31EA06D840083C791 /* ViewController.m */ = {isa = PBXFileReference; lastKnownFileType = sourcecode.c.objc; path = ViewController.m; sourceTree = "<group>"; };
		8477F8E61EA06D840083C791 /* Base */ = {isa = PBXFileReference; lastKnownFileType = file.storyboard; name = Base; path = Base.lproj/Main.storyboard; sourceTree = "<group>"; };
		8477F8E91EA06D840083C791 /* tableviewdemo.xcdatamodel */ = {isa = PBXFileReference; lastKnownFileType = wrapper.xcdatamodel; path = tableviewdemo.xcdatamodel; sourceTree = "<group>"; };
		8477F8EB1EA06D840083C791 /* Assets.xcassets */ = {isa = PBXFileReference; lastKnownFileType = folder.assetcatalog; path = Assets.xcassets; sourceTree = "<group>"; };
		8477F8EE1EA06D840083C791 /* Base */ = {isa = PBXFileReference; lastKnownFileType = file.storyboard; name = Base; path = Base.lproj/LaunchScreen.storyboard; sourceTree = "<group>"; };
		8477F8F01EA06D840083C791 /* Info.plist */ = {isa = PBXFileReference; lastKnownFileType = text.plist.xml; path = Info.plist; sourceTree = "<group>"; };
		8477F9071EA0AC7F0083C791 /* 1.jpg */ = {isa = PBXFileReference; lastKnownFileType = image.jpeg; path = 1.jpg; sourceTree = "<group>"; };
		8477F9081EA0AC7F0083C791 /* 2.jpg */ = {isa = PBXFileReference; lastKnownFileType = image.jpeg; path = 2.jpg; sourceTree = "<group>"; };
		8477F9091EA0AC7F0083C791 /* 3.jpg */ = {isa = PBXFileReference; lastKnownFileType = image.jpeg; path = 3.jpg; sourceTree = "<group>"; };
		8477F90A1EA0AC7F0083C791 /* 4.jpg */ = {isa = PBXFileReference; lastKnownFileType = image.jpeg; path = 4.jpg; sourceTree = "<group>"; };
/* End PBXFileReference section */

/* Begin PBXFrameworksBuildPhase section */
		8477F8D61EA06D840083C791 /* Frameworks */ = {
			isa = PBXFrameworksBuildPhase;
			buildActionMask = 2147483647;
			files = (
			);
			runOnlyForDeploymentPostprocessing = 0;
		};
/* End PBXFrameworksBuildPhase section */

/* Begin PBXGroup section */
		8477F8D01EA06D840083C791 = {
			isa = PBXGroup;
			children = (
				8477F8DB1EA06D840083C791 /* tableviewdemo */,
				8477F8DA1EA06D840083C791 /* Products */,
			);
			sourceTree = "<group>";
		};
		8477F8DA1EA06D840083C791 /* Products */ = {
			isa = PBXGroup;
			children = (
				8477F8D91EA06D840083C791 /* tableviewdemo.app */,
			);
			name = Products;
			sourceTree = "<group>";
		};
		8477F8DB1EA06D840083C791 /* tableviewdemo */ = {
			isa = PBXGroup;
			children = (
				8477F9071EA0AC7F0083C791 /* 1.jpg */,
				8477F9081EA0AC7F0083C791 /* 2.jpg */,
				8477F9091EA0AC7F0083C791 /* 3.jpg */,
				8477F90A1EA0AC7F0083C791 /* 4.jpg */,
				8477F8DF1EA06D840083C791 /* AppDelegate.h */,
				8477F8E01EA06D840083C791 /* AppDelegate.m */,
				8477F8E21EA06D840083C791 /* ViewController.h */,
				8477F8E31EA06D840083C791 /* ViewController.m */,
				8477F8E51EA06D840083C791 /* Main.storyboard */,
				8477F8EB1EA06D840083C791 /* Assets.xcassets */,
				8477F8ED1EA06D840083C791 /* LaunchScreen.storyboard */,
				8477F8F01EA06D840083C791 /* Info.plist */,
				8477F8E81EA06D840083C791 /* tableviewdemo.xcdatamodeld */,
				8477F8DC1EA06D840083C791 /* Supporting Files */,
			);
			path = tableviewdemo;
			sourceTree = "<group>";
		};
		8477F8DC1EA06D840083C791 /* Supporting Files */ = {
			isa = PBXGroup;
			children = (
				8477F8DD1EA06D840083C791 /* main.m */,
			);
			name = "Supporting Files";
			sourceTree = "<group>";
		};
/* End PBXGroup section */

/* Begin PBXNativeTarget section */
		8477F8D81EA06D840083C791 /* tableviewdemo */ = {
			isa = PBXNativeTarget;
			buildConfigurationList = 8477F8F31EA06D840083C791 /* Build configuration list for PBXNativeTarget "tableviewdemo" */;
			buildPhases = (
				8477F8D51EA06D840083C791 /* Sources */,
				8477F8D61EA06D840083C791 /* Frameworks */,
				8477F8D71EA06D840083C791 /* Resources */,
			);
			buildRules = (
			);
			dependencies = (
			);
			name = tableviewdemo;
			productName = tableviewdemo;
			productReference = 8477F8D91EA06D840083C791 /* tableviewdemo.app */;
			productType = "com.apple.product-type.application";
		};
/* End PBXNativeTarget section */

/* Begin PBXProject section */
		8477F8D11EA06D840083C791 /* Project object */ = {
			isa = PBXProject;
			attributes = {
				LastUpgradeCheck = 0730;
				ORGANIZATIONNAME = TMA;
				TargetAttributes = {
					8477F8D81EA06D840083C791 = {
						CreatedOnToolsVersion = 7.3;
					};
				};
			};
			buildConfigurationList = 8477F8D41EA06D840083C791 /* Build configuration list for PBXProject "tableviewdemo" */;
			compatibilityVersion = "Xcode 3.2";
			developmentRegion = English;
			hasScannedForEncodings = 0;
			knownRegions = (
				en,
				Base,
			);
			mainGroup = 8477F8D01EA06D840083C791;
			productRefGroup = 8477F8DA1EA06D840083C791 /* Products */;
			projectDirPath = "";
			projectRoot = "";
			targets = (
				8477F8D81EA06D840083C791 /* tableviewdemo */,
			);
		};
/* End PBXProject section */

/* Begin PBXResourcesBuildPhase section */
		8477F8D71EA06D840083C791 /* Resources */ = {
			isa = PBXResourcesBuildPhase;
			buildActionMask = 2147483647;
			files = (
				8477F8EF1EA06D840083C791 /* LaunchScreen.storyboard in Resources */,
				8477F90E1EA0AC7F0083C791 /* 4.jpg in Resources */,
				8477F90B1EA0AC7F0083C791 /* 1.jpg in Resources */,
				8477F90C1EA0AC7F0083C791 /* 2.jpg in Resources */,
				8477F90D1EA0AC7F0083C791 /* 3.jpg in Resources */,
				8477F8EC1EA06D840083C791 /* Assets.xcassets in Resources */,
				8477F8E71EA06D840083C791 /* Main.storyboard in Resources */,
			);
			runOnlyForDeploymentPostprocessing = 0;
		};
/* End PBXResourcesBuildPhase section */

/* Begin PBXSourcesBuildPhase section */
		8477F8D51EA06D840083C791 /* Sources */ = {
			isa = PBXSourcesBuildPhase;
			buildActionMask = 2147483647;
			files = (
				8477F8E41EA06D840083C791 /* ViewController.m in Sources */,
				8477F8E11EA06D840083C791 /* AppDelegate.m in Sources */,
				8477F8EA1EA06D840083C791 /* tableviewdemo.xcdatamodeld in Sources */,
				8477F8DE1EA06D840083C791 /* main.m in Sources */,
			);
			runOnlyForDeploymentPostprocessing = 0;
		};
/* End PBXSourcesBuildPhase section */

/* Begin PBXVariantGroup section */
		8477F8E51EA06D840083C791 /* Main.storyboard */ = {
			isa = PBXVariantGroup;
			children = (
				8477F8E61EA06D840083C791 /* Base */,
			);
			name = Main.storyboard;
			sourceTree = "<group>";
		};
		8477F8ED1EA06D840083C791 /* LaunchScreen.storyboard */ = {
			isa = PBXVariantGroup;
			children = (
				8477F8EE1EA06D840083C791 /* Base */,
			);
			name = LaunchScreen.storyboard;
			sourceTree = "<group>";
		};
/* End PBXVariantGroup section */

/* Begin XCBuildConfiguration section */
		8477F8F11EA06D840083C791 /* Debug */ = {
			isa = XCBuildConfiguration;
			buildSettings = {
				ALWAYS_SEARCH_USER_PATHS = NO;
				CLANG_ANALYZER_NONNULL = YES;
				CLANG_CXX_LANGUAGE_STANDARD = "gnu++0x";
				CLANG_CXX_LIBRARY = "libc++";
				CLANG_ENABLE_MODULES = YES;
				CLANG_ENABLE_OBJC_ARC = YES;
				CLANG_WARN_BOOL_CONVERSION = YES;
				CLANG_WARN_CONSTANT_CONVERSION = YES;
				CLANG_WARN_DIRECT_OBJC_ISA_USAGE = YES_ERROR;
				CLANG_WARN_EMPTY_BODY = YES;
				CLANG_WARN_ENUM_CONVERSION = YES;
				CLANG_WARN_INT_CONVERSION = YES;
				CLANG_WARN_OBJC_ROOT_CLASS = YES_ERROR;
				CLANG_WARN_UNREACHABLE_CODE = YES;
				CLANG_WARN__DUPLICATE_METHOD_MATCH = YES;
				"CODE_SIGN_IDENTITY[sdk=iphoneos*]" = "iPhone Developer";
				COPY_PHASE_STRIP = NO;
				DEBUG_INFORMATION_FORMAT = dwarf;
				ENABLE_STRICT_OBJC_MSGSEND = YES;
				ENABLE_TESTABILITY = YES;
				GCC_C_LANGUAGE_STANDARD = gnu99;
				GCC_DYNAMIC_NO_PIC = NO;
				GCC_NO_COMMON_BLOCKS = YES;
				GCC_OPTIMIZATION_LEVEL = 0;
				GCC_PREPROCESSOR_DEFINITIONS = (
					"DEBUG=1",
					"$(inherited)",
				);
				GCC_WARN_64_TO_32_BIT_CONVERSION = YES;
				GCC_WARN_ABOUT_RETURN_TYPE = YES_ERROR;
				GCC_WARN_UNDECLARED_SELECTOR = YES;
				GCC_WARN_UNINITIALIZED_AUTOS = YES_AGGRESSIVE;
				GCC_WARN_UNUSED_FUNCTION = YES;
				GCC_WARN_UNUSED_VARIABLE = YES;
				IPHONEOS_DEPLOYMENT_TARGET = 9.3;
				MTL_ENABLE_DEBUG_INFO = YES;
				ONLY_ACTIVE_ARCH = YES;
				SDKROOT = iphoneos;
			};
			name = Debug;
		};
		8477F8F21EA06D840083C791 /* Release */ = {
			isa = XCBuildConfiguration;
			buildSettings = {
				ALWAYS_SEARCH_USER_PATHS = NO;
				CLANG_ANALYZER_NONNULL = YES;
				CLANG_CXX_LANGUAGE_STANDARD = "gnu++0x";
				CLANG_CXX_LIBRARY = "libc++";
				CLANG_ENABLE_MODULES = YES;
				CLANG_ENABLE_OBJC_ARC = YES;
				CLANG_WARN_BOOL_CONVERSION = YES;
				CLANG_WARN_CONSTANT_CONVERSION = YES;
				CLANG_WARN_DIRECT_OBJC_ISA_USAGE = YES_ERROR;
				CLANG_WARN_EMPTY_BODY = YES;
				CLANG_WARN_ENUM_CONVERSION = YES;
				CLANG_WARN_INT_CONVERSION = YES;
				CLANG_WARN_OBJC_ROOT_CLASS = YES_ERROR;
				CLANG_WARN_UNREACHABLE_CODE = YES;
				CLANG_WARN__DUPLICATE_METHOD_MATCH = YES;
				"CODE_SIGN_IDENTITY[sdk=iphoneos*]" = "iPhone Developer";
				COPY_PHASE_STRIP = NO;
				DEBUG_INFORMATION_FORMAT = "dwarf-with-dsym";
				ENABLE_NS_ASSERTIONS = NO;
				ENABLE_STRICT_OBJC_MSGSEND = YES;
				GCC_C_LANGUAGE_STANDARD = gnu99;
				GCC_NO_COMMON_BLOCKS = YES;
				GCC_WARN_64_TO_32_BIT_CONVERSION = YES;
				GCC_WARN_ABOUT_RETURN_TYPE = YES_ERROR;
				GCC_WARN_UNDECLARED_SELECTOR = YES;
				GCC_WARN_UNINITIALIZED_AUTOS = YES_AGGRESSIVE;
				GCC_WARN_UNUSED_FUNCTION = YES;
				GCC_WARN_UNUSED_VARIABLE = YES;
				IPHONEOS_DEPLOYMENT_TARGET = 9.3;
				MTL_ENABLE_DEBUG_INFO = NO;
				SDKROOT = iphoneos;
				VALIDATE_PRODUCT = YES;
			};
			name = Release;
		};
		8477F8F41EA06D840083C791 /* Debug */ = {
			isa = XCBuildConfiguration;
			buildSettings = {
				ASSETCATALOG_COMPILER_APPICON_NAME = AppIcon;
				INFOPLIST_FILE = tableviewdemo/Info.plist;
				LD_RUNPATH_SEARCH_PATHS = "$(inherited) @executable_path/Frameworks";
				PRODUCT_BUNDLE_IDENTIFIER = recochoku.tableviewdemo;
				PRODUCT_NAME = "$(TARGET_NAME)";
			};
			name = Debug;
		};
		8477F8F51EA06D840083C791 /* Release */ = {
			isa = XCBuildConfiguration;
			buildSettings = {
				ASSETCATALOG_COMPILER_APPICON_NAME = AppIcon;
				INFOPLIST_FILE = tableviewdemo/Info.plist;
				LD_RUNPATH_SEARCH_PATHS = "$(inherited) @executable_path/Frameworks";
				PRODUCT_BUNDLE_IDENTIFIER = recochoku.tableviewdemo;
				PRODUCT_NAME = "$(TARGET_NAME)";
			};
			name = Release;
		};
/* End XCBuildConfiguration section */

/* Begin XCConfigurationList section */
		8477F8D41EA06D840083C791 /* Build configuration list for PBXProject "tableviewdemo" */ = {
			isa = XCConfigurationList;
			buildConfigurations = (
				8477F8F11EA06D840083C791 /* Debug */,
				8477F8F21EA06D840083C791 /* Release */,
			);
			defaultConfigurationIsVisible = 0;
			defaultConfigurationName = Release;
		};
		8477F8F31EA06D840083C791 /* Build configuration list for PBXNativeTarget "tableviewdemo" */ = {
			isa = XCConfigurationList;
			buildConfigurations = (
				8477F8F41EA06D840083C791 /* Debug */,
				8477F8F51EA06D840083C791 /* Release */,
			);
			defaultConfigurationIsVisible = 0;
		};
/* End XCConfigurationList section */

/* Begin XCVersionGroup section */
		8477F8E81EA06D840083C791 /* tableviewdemo.xcdatamodeld */ = {
			isa = XCVersionGroup;
			children = (
				8477F8E91EA06D840083C791 /* tableviewdemo.xcdatamodel */,
			);
			currentVersion = 8477F8E91EA06D840083C791 /* tableviewdemo.xcdatamodel */;
			path = tableviewdemo.xcdatamodeld;
			sourceTree = "<group>";
			versionGroupType = wrapper.xcdatamodel;
		};
/* End XCVersionGroup section */
	};
	rootObject = 8477F8D11EA06D840083C791 /* Project object */;
}
